
Microsoft Visual Studio Solution File, Format Version 12.00
# Visual Studio Version 17
VisualStudioVersion = 17.0.31903.59
MinimumVisualStudioVersion = 10.0.40219.1
Project("{2150E333-8FDC-42A3-9474-1A3956D46DE8}") = "src", "src", "{6A8B792C-DD10-4BF5-AE10-51BB3E470B70}"
EndProject
Project("{FAE04EC0-301F-11D3-BF4B-00C04F79EFBC}") = "RE2.ComplianceCore", "src\RE2.ComplianceCore\RE2.ComplianceCore.csproj", "{6E2AEEE1-E393-4A39-B601-243E7F533F87}"
EndProject
Project("{FAE04EC0-301F-11D3-BF4B-00C04F79EFBC}") = "RE2.DataAccess", "src\RE2.DataAccess\RE2.DataAccess.csproj", "{F3DF7546-490A-4832-A0AD-E6DF35C51F68}"
EndProject
Project("{FAE04EC0-301F-11D3-BF4B-00C04F79EFBC}") = "RE2.ComplianceApi", "src\RE2.ComplianceApi\RE2.ComplianceApi.csproj", "{12D85479-09B9-4006-B123-ACB5847D0519}"
EndProject
Project("{FAE04EC0-301F-11D3-BF4B-00C04F79EFBC}") = "RE2.ComplianceWeb", "src\RE2.ComplianceWeb\RE2.ComplianceWeb.csproj", "{5D6E30C2-881C-4D64-9F3C-E3C5F79A86BF}"
EndProject
Project("{FAE04EC0-301F-11D3-BF4B-00C04F79EFBC}") = "RE2.ComplianceFunctions", "src\RE2.ComplianceFunctions\RE2.ComplianceFunctions.csproj", "{1F9E1DB4-C3C2-4EE3-865F-B02FA40E15E5}"
EndProject
Project("{FAE04EC0-301F-11D3-BF4B-00C04F79EFBC}") = "RE2.Shared", "src\RE2.Shared\RE2.Shared.csproj", "{2D47AD23-2B95-4175-B1CD-83FE01FC6D01}"
EndProject
Project("{2150E333-8FDC-42A3-9474-1A3956D46DE8}") = "tests", "tests", "{16F2F2D2-883A-433B-B394-4B19616B06F0}"
EndProject
Project("{FAE04EC0-301F-11D3-BF4B-00C04F79EFBC}") = "RE2.ComplianceCore.Tests", "tests\RE2.ComplianceCore.Tests\RE2.ComplianceCore.Tests.csproj", "{2103FEC8-524E-41E3-9715-9640DE35AA2F}"
EndProject
Project("{FAE04EC0-301F-11D3-BF4B-00C04F79EFBC}") = "RE2.ComplianceApi.Tests", "tests\RE2.ComplianceApi.Tests\RE2.ComplianceApi.Tests.csproj", "{DF9FEC37-2770-4363-8557-3A336EF5EAEC}"
EndProject
Project("{FAE04EC0-301F-11D3-BF4B-00C04F79EFBC}") = "RE2.DataAccess.Tests", "tests\RE2.DataAccess.Tests\RE2.DataAccess.Tests.csproj", "{0265520C-D39E-487E-AA3F-B20E0032282D}"
EndProject
Project("{FAE04EC0-301F-11D3-BF4B-00C04F79EFBC}") = "RE2.Contract.Tests", "tests\RE2.Contract.Tests\RE2.Contract.Tests.csproj", "{B6AAC576-7038-47C4-8D9C-0BAFE3BA1BC4}"
EndProject
Global
	GlobalSection(SolutionConfigurationPlatforms) = preSolution
		Debug|Any CPU = Debug|Any CPU
		Release|Any CPU = Release|Any CPU
	EndGlobalSection
	GlobalSection(SolutionProperties) = preSolution
		HideSolutionNode = FALSE
	EndGlobalSection
	GlobalSection(ProjectConfigurationPlatforms) = postSolution
		{6E2AEEE1-E393-4A39-B601-243E7F533F87}.Debug|Any CPU.ActiveCfg = Debug|Any CPU
		{6E2AEEE1-E393-4A39-B601-243E7F533F87}.Debug|Any CPU.Build.0 = Debug|Any CPU
		{6E2AEEE1-E393-4A39-B601-243E7F533F87}.Release|Any CPU.ActiveCfg = Release|Any CPU
		{6E2AEEE1-E393-4A39-B601-243E7F533F87}.Release|Any CPU.Build.0 = Release|Any CPU
		{F3DF7546-490A-4832-A0AD-E6DF35C51F68}.Debug|Any CPU.ActiveCfg = Debug|Any CPU
		{F3DF7546-490A-4832-A0AD-E6DF35C51F68}.Debug|Any CPU.Build.0 = Debug|Any CPU
		{F3DF7546-490A-4832-A0AD-E6DF35C51F68}.Release|Any CPU.ActiveCfg = Release|Any CPU
		{F3DF7546-490A-4832-A0AD-E6DF35C51F68}.Release|Any CPU.Build.0 = Release|Any CPU
		{12D85479-09B9-4006-B123-ACB5847D0519}.Debug|Any CPU.ActiveCfg = Debug|Any CPU
		{12D85479-09B9-4006-B123-ACB5847D0519}.Debug|Any CPU.Build.0 = Debug|Any CPU
		{12D85479-09B9-4006-B123-ACB5847D0519}.Release|Any CPU.ActiveCfg = Release|Any CPU
		{12D85479-09B9-4006-B123-ACB5847D0519}.Release|Any CPU.Build.0 = Release|Any CPU
		{5D6E30C2-881C-4D64-9F3C-E3C5F79A86BF}.Debug|Any CPU.ActiveCfg = Debug|Any CPU
		{5D6E30C2-881C-4D64-9F3C-E3C5F79A86BF}.Debug|Any CPU.Build.0 = Debug|Any CPU
		{5D6E30C2-881C-4D64-9F3C-E3C5F79A86BF}.Release|Any CPU.ActiveCfg = Release|Any CPU
		{5D6E30C2-881C-4D64-9F3C-E3C5F79A86BF}.Release|Any CPU.Build.0 = Release|Any CPU
		{1F9E1DB4-C3C2-4EE3-865F-B02FA40E15E5}.Debug|Any CPU.ActiveCfg = Debug|Any CPU
		{1F9E1DB4-C3C2-4EE3-865F-B02FA40E15E5}.Debug|Any CPU.Build.0 = Debug|Any CPU
		{1F9E1DB4-C3C2-4EE3-865F-B02FA40E15E5}.Release|Any CPU.ActiveCfg = Release|Any CPU
		{1F9E1DB4-C3C2-4EE3-865F-B02FA40E15E5}.Release|Any CPU.Build.0 = Release|Any CPU
		{2D47AD23-2B95-4175-B1CD-83FE01FC6D01}.Debug|Any CPU.ActiveCfg = Debug|Any CPU
		{2D47AD23-2B95-4175-B1CD-83FE01FC6D01}.Debug|Any CPU.Build.0 = Debug|Any CPU
		{2D47AD23-2B95-4175-B1CD-83FE01FC6D01}.Release|Any CPU.ActiveCfg = Release|Any CPU
		{2D47AD23-2B95-4175-B1CD-83FE01FC6D01}.Release|Any CPU.Build.0 = Release|Any CPU
		{2103FEC8-524E-41E3-9715-9640DE35AA2F}.Debug|Any CPU.ActiveCfg = Debug|Any CPU
		{2103FEC8-524E-41E3-9715-9640DE35AA2F}.Debug|Any CPU.Build.0 = Debug|Any CPU
		{2103FEC8-524E-41E3-9715-9640DE35AA2F}.Release|Any CPU.ActiveCfg = Release|Any CPU
		{2103FEC8-524E-41E3-9715-9640DE35AA2F}.Release|Any CPU.Build.0 = Release|Any CPU
		{DF9FEC37-2770-4363-8557-3A336EF5EAEC}.Debug|Any CPU.ActiveCfg = Debug|Any CPU
		{DF9FEC37-2770-4363-8557-3A336EF5EAEC}.Debug|Any CPU.Build.0 = Debug|Any CPU
		{DF9FEC37-2770-4363-8557-3A336EF5EAEC}.Release|Any CPU.ActiveCfg = Release|Any CPU
		{DF9FEC37-2770-4363-8557-3A336EF5EAEC}.Release|Any CPU.Build.0 = Release|Any CPU
		{0265520C-D39E-487E-AA3F-B20E0032282D}.Debug|Any CPU.ActiveCfg = Debug|Any CPU
		{0265520C-D39E-487E-AA3F-B20E0032282D}.Debug|Any CPU.Build.0 = Debug|Any CPU
		{0265520C-D39E-487E-AA3F-B20E0032282D}.Release|Any CPU.ActiveCfg = Release|Any CPU
		{0265520C-D39E-487E-AA3F-B20E0032282D}.Release|Any CPU.Build.0 = Release|Any CPU
		{B6AAC576-7038-47C4-8D9C-0BAFE3BA1BC4}.Debug|Any CPU.ActiveCfg = Debug|Any CPU
		{B6AAC576-7038-47C4-8D9C-0BAFE3BA1BC4}.Debug|Any CPU.Build.0 = Debug|Any CPU
		{B6AAC576-7038-47C4-8D9C-0BAFE3BA1BC4}.Release|Any CPU.ActiveCfg = Release|Any CPU
		{B6AAC576-7038-47C4-8D9C-0BAFE3BA1BC4}.Release|Any CPU.Build.0 = Release|Any CPU
	EndGlobalSection
	GlobalSection(NestedProjects) = preSolution
		{6E2AEEE1-E393-4A39-B601-243E7F533F87} = {6A8B792C-DD10-4BF5-AE10-51BB3E470B70}
		{F3DF7546-490A-4832-A0AD-E6DF35C51F68} = {6A8B792C-DD10-4BF5-AE10-51BB3E470B70}
		{12D85479-09B9-4006-B123-ACB5847D0519} = {6A8B792C-DD10-4BF5-AE10-51BB3E470B70}
		{5D6E30C2-881C-4D64-9F3C-E3C5F79A86BF} = {6A8B792C-DD10-4BF5-AE10-51BB3E470B70}
		{1F9E1DB4-C3C2-4EE3-865F-B02FA40E15E5} = {6A8B792C-DD10-4BF5-AE10-51BB3E470B70}
		{2D47AD23-2B95-4175-B1CD-83FE01FC6D01} = {6A8B792C-DD10-4BF5-AE10-51BB3E470B70}
		{2103FEC8-524E-41E3-9715-9640DE35AA2F} = {16F2F2D2-883A-433B-B394-4B19616B06F0}
		{DF9FEC37-2770-4363-8557-3A336EF5EAEC} = {16F2F2D2-883A-433B-B394-4B19616B06F0}
		{0265520C-D39E-487E-AA3F-B20E0032282D} = {16F2F2D2-883A-433B-B394-4B19616B06F0}
		{B6AAC576-7038-47C4-8D9C-0BAFE3BA1BC4} = {16F2F2D2-883A-433B-B394-4B19616B06F0}
	EndGlobalSection
EndGlobal
